
Microsoft Visual Studio Solution File, Format Version 12.00
# Visual Studio Version 17
VisualStudioVersion = 17.5.002.0
MinimumVisualStudioVersion = 10.0.40219.1
Project("{2150E333-8FDC-42A3-9474-1A3956D46DE8}") = "sandbox", "sandbox", "{83398B55-C7DA-4266-8BF3-AB41E3C0BD63}"
EndProject
Project("{9A19103F-16F7-4668-BE54-9A1E7A4F7556}") = "sandbox_project", "sandbox\sandbox_project\sandbox_project.csproj", "{02B46B4A-94BA-43A3-9ABD-37575650B9CE}"
EndProject
Project("{2150E333-8FDC-42A3-9474-1A3956D46DE8}") = "week01", "week01", "{ECC40CB9-91BA-4DB1-8BE2-51DAAD00DFA7}"
EndProject
Project("{9A19103F-16F7-4668-BE54-9A1E7A4F7556}") = "analyze", "week01\analyze\analyze.csproj", "{110B47B5-7AED-4BFC-9C4C-E622749CC1B8}"
EndProject
Project("{9A19103F-16F7-4668-BE54-9A1E7A4F7556}") = "code", "week01\code\code.csproj", "{92684800-0301-4E55-ADDE-AB28752A8767}"
EndProject
Project("{9A19103F-16F7-4668-BE54-9A1E7A4F7556}") = "teach", "week01\teach\teach.csproj", "{B4472D92-C52E-47CF-9D71-F89A7F9831D1}"
EndProject
Project("{2150E333-8FDC-42A3-9474-1A3956D46DE8}") = "week02", "week02", "{319FC503-F488-4E4D-B65E-4A8B6EA6A53E}"
EndProject
Project("{9A19103F-16F7-4668-BE54-9A1E7A4F7556}") = "analyze", "week02\analyze\analyze.csproj", "{D82B9BF5-ED10-4202-AFCB-CBD2FDF04927}"
EndProject
Project("{9A19103F-16F7-4668-BE54-9A1E7A4F7556}") = "code", "week02\code\code.csproj", "{E4506E6F-75D4-4543-9360-317C74B58796}"
EndProject
Project("{9A19103F-16F7-4668-BE54-9A1E7A4F7556}") = "learn", "week02\learn\learn.csproj", "{0619FDFE-7733-4BD5-AAEC-121EF79F7B47}"
EndProject
Project("{9A19103F-16F7-4668-BE54-9A1E7A4F7556}") = "teach", "week02\teach\teach.csproj", "{92FBE72E-9107-4535-9B03-55C121940604}"
EndProject
Project("{2150E333-8FDC-42A3-9474-1A3956D46DE8}") = "week03", "week03", "{C99D8D54-554A-48B1-9270-67A85D724E1C}"
EndProject
Project("{9A19103F-16F7-4668-BE54-9A1E7A4F7556}") = "code", "week03\code\code.csproj", "{D1424F53-824D-468E-88B1-0BA33E17D7D8}"
EndProject
Project("{9A19103F-16F7-4668-BE54-9A1E7A4F7556}") = "learn", "week03\learn\learn.csproj", "{48694765-6750-4388-84DD-68028BE5EB37}"
EndProject
Project("{9A19103F-16F7-4668-BE54-9A1E7A4F7556}") = "teach", "week03\teach\teach.csproj", "{44C13C07-2D59-479B-860A-165DD1854229}"
EndProject
Project("{2150E333-8FDC-42A3-9474-1A3956D46DE8}") = "week04", "week04", "{8EE45E22-E6AA-45C4-9877-3F6C12289B00}"
EndProject
Project("{9A19103F-16F7-4668-BE54-9A1E7A4F7556}") = "code", "week04\code\code.csproj", "{0E846BD8-D3DB-402B-80EA-65F5BAEAD32C}"
EndProject
Project("{2150E333-8FDC-42A3-9474-1A3956D46DE8}") = "week05", "week05", "{784F4C61-72D1-4E5A-9DAB-EF360EA7CD00}"
EndProject
Project("{9A19103F-16F7-4668-BE54-9A1E7A4F7556}") = "code", "week05\code\code.csproj", "{4C30D9A7-7FB0-46A3-B205-72E383140493}"
EndProject
Project("{2150E333-8FDC-42A3-9474-1A3956D46DE8}") = "week06", "week06", "{DF7798AF-3620-463F-BE35-F53EA3F7F846}"
EndProject
Project("{9A19103F-16F7-4668-BE54-9A1E7A4F7556}") = "code", "week06\code\code.csproj", "{572FA15E-8389-47E3-9440-537D2DCC9833}"
EndProject
Global
	GlobalSection(SolutionConfigurationPlatforms) = preSolution
		Debug|Any CPU = Debug|Any CPU
		Release|Any CPU = Release|Any CPU
	EndGlobalSection
	GlobalSection(ProjectConfigurationPlatforms) = postSolution
		{02B46B4A-94BA-43A3-9ABD-37575650B9CE}.Debug|Any CPU.ActiveCfg = Debug|Any CPU
		{02B46B4A-94BA-43A3-9ABD-37575650B9CE}.Debug|Any CPU.Build.0 = Debug|Any CPU
		{02B46B4A-94BA-43A3-9ABD-37575650B9CE}.Release|Any CPU.ActiveCfg = Release|Any CPU
		{02B46B4A-94BA-43A3-9ABD-37575650B9CE}.Release|Any CPU.Build.0 = Release|Any CPU
		{110B47B5-7AED-4BFC-9C4C-E622749CC1B8}.Debug|Any CPU.ActiveCfg = Debug|Any CPU
		{110B47B5-7AED-4BFC-9C4C-E622749CC1B8}.Debug|Any CPU.Build.0 = Debug|Any CPU
		{110B47B5-7AED-4BFC-9C4C-E622749CC1B8}.Release|Any CPU.ActiveCfg = Release|Any CPU
		{110B47B5-7AED-4BFC-9C4C-E622749CC1B8}.Release|Any CPU.Build.0 = Release|Any CPU
		{92684800-0301-4E55-ADDE-AB28752A8767}.Debug|Any CPU.ActiveCfg = Debug|Any CPU
		{92684800-0301-4E55-ADDE-AB28752A8767}.Debug|Any CPU.Build.0 = Debug|Any CPU
		{92684800-0301-4E55-ADDE-AB28752A8767}.Release|Any CPU.ActiveCfg = Release|Any CPU
		{92684800-0301-4E55-ADDE-AB28752A8767}.Release|Any CPU.Build.0 = Release|Any CPU
		{B4472D92-C52E-47CF-9D71-F89A7F9831D1}.Debug|Any CPU.ActiveCfg = Debug|Any CPU
		{B4472D92-C52E-47CF-9D71-F89A7F9831D1}.Debug|Any CPU.Build.0 = Debug|Any CPU
		{B4472D92-C52E-47CF-9D71-F89A7F9831D1}.Release|Any CPU.ActiveCfg = Release|Any CPU
		{B4472D92-C52E-47CF-9D71-F89A7F9831D1}.Release|Any CPU.Build.0 = Release|Any CPU
		{D82B9BF5-ED10-4202-AFCB-CBD2FDF04927}.Debug|Any CPU.ActiveCfg = Debug|Any CPU
		{D82B9BF5-ED10-4202-AFCB-CBD2FDF04927}.Debug|Any CPU.Build.0 = Debug|Any CPU
		{D82B9BF5-ED10-4202-AFCB-CBD2FDF04927}.Release|Any CPU.ActiveCfg = Release|Any CPU
		{D82B9BF5-ED10-4202-AFCB-CBD2FDF04927}.Release|Any CPU.Build.0 = Release|Any CPU
		{E4506E6F-75D4-4543-9360-317C74B58796}.Debug|Any CPU.ActiveCfg = Debug|Any CPU
		{E4506E6F-75D4-4543-9360-317C74B58796}.Debug|Any CPU.Build.0 = Debug|Any CPU
		{E4506E6F-75D4-4543-9360-317C74B58796}.Release|Any CPU.ActiveCfg = Release|Any CPU
		{E4506E6F-75D4-4543-9360-317C74B58796}.Release|Any CPU.Build.0 = Release|Any CPU
		{0619FDFE-7733-4BD5-AAEC-121EF79F7B47}.Debug|Any CPU.ActiveCfg = Debug|Any CPU
		{0619FDFE-7733-4BD5-AAEC-121EF79F7B47}.Debug|Any CPU.Build.0 = Debug|Any CPU
		{0619FDFE-7733-4BD5-AAEC-121EF79F7B47}.Release|Any CPU.ActiveCfg = Release|Any CPU
		{0619FDFE-7733-4BD5-AAEC-121EF79F7B47}.Release|Any CPU.Build.0 = Release|Any CPU
		{92FBE72E-9107-4535-9B03-55C121940604}.Debug|Any CPU.ActiveCfg = Debug|Any CPU
		{92FBE72E-9107-4535-9B03-55C121940604}.Debug|Any CPU.Build.0 = Debug|Any CPU
		{92FBE72E-9107-4535-9B03-55C121940604}.Release|Any CPU.ActiveCfg = Release|Any CPU
		{92FBE72E-9107-4535-9B03-55C121940604}.Release|Any CPU.Build.0 = Release|Any CPU
		{D1424F53-824D-468E-88B1-0BA33E17D7D8}.Debug|Any CPU.ActiveCfg = Debug|Any CPU
		{D1424F53-824D-468E-88B1-0BA33E17D7D8}.Debug|Any CPU.Build.0 = Debug|Any CPU
		{D1424F53-824D-468E-88B1-0BA33E17D7D8}.Release|Any CPU.ActiveCfg = Release|Any CPU
		{D1424F53-824D-468E-88B1-0BA33E17D7D8}.Release|Any CPU.Build.0 = Release|Any CPU
		{48694765-6750-4388-84DD-68028BE5EB37}.Debug|Any CPU.ActiveCfg = Debug|Any CPU
		{48694765-6750-4388-84DD-68028BE5EB37}.Debug|Any CPU.Build.0 = Debug|Any CPU
		{48694765-6750-4388-84DD-68028BE5EB37}.Release|Any CPU.ActiveCfg = Release|Any CPU
		{48694765-6750-4388-84DD-68028BE5EB37}.Release|Any CPU.Build.0 = Release|Any CPU
		{44C13C07-2D59-479B-860A-165DD1854229}.Debug|Any CPU.ActiveCfg = Debug|Any CPU
		{44C13C07-2D59-479B-860A-165DD1854229}.Debug|Any CPU.Build.0 = Debug|Any CPU
		{44C13C07-2D59-479B-860A-165DD1854229}.Release|Any CPU.ActiveCfg = Release|Any CPU
		{44C13C07-2D59-479B-860A-165DD1854229}.Release|Any CPU.Build.0 = Release|Any CPU
		{0E846BD8-D3DB-402B-80EA-65F5BAEAD32C}.Debug|Any CPU.ActiveCfg = Debug|Any CPU
		{0E846BD8-D3DB-402B-80EA-65F5BAEAD32C}.Debug|Any CPU.Build.0 = Debug|Any CPU
		{0E846BD8-D3DB-402B-80EA-65F5BAEAD32C}.Release|Any CPU.ActiveCfg = Release|Any CPU
		{0E846BD8-D3DB-402B-80EA-65F5BAEAD32C}.Release|Any CPU.Build.0 = Release|Any CPU
		{4C30D9A7-7FB0-46A3-B205-72E383140493}.Debug|Any CPU.ActiveCfg = Debug|Any CPU
		{4C30D9A7-7FB0-46A3-B205-72E383140493}.Debug|Any CPU.Build.0 = Debug|Any CPU
		{4C30D9A7-7FB0-46A3-B205-72E383140493}.Release|Any CPU.ActiveCfg = Release|Any CPU
		{4C30D9A7-7FB0-46A3-B205-72E383140493}.Release|Any CPU.Build.0 = Release|Any CPU
		{572FA15E-8389-47E3-9440-537D2DCC9833}.Debug|Any CPU.ActiveCfg = Debug|Any CPU
		{572FA15E-8389-47E3-9440-537D2DCC9833}.Debug|Any CPU.Build.0 = Debug|Any CPU
		{572FA15E-8389-47E3-9440-537D2DCC9833}.Release|Any CPU.ActiveCfg = Release|Any CPU
		{572FA15E-8389-47E3-9440-537D2DCC9833}.Release|Any CPU.Build.0 = Release|Any CPU
	EndGlobalSection
	GlobalSection(SolutionProperties) = preSolution
		HideSolutionNode = FALSE
	EndGlobalSection
	GlobalSection(NestedProjects) = preSolution
		{02B46B4A-94BA-43A3-9ABD-37575650B9CE} = {83398B55-C7DA-4266-8BF3-AB41E3C0BD63}
		{110B47B5-7AED-4BFC-9C4C-E622749CC1B8} = {ECC40CB9-91BA-4DB1-8BE2-51DAAD00DFA7}
		{92684800-0301-4E55-ADDE-AB28752A8767} = {ECC40CB9-91BA-4DB1-8BE2-51DAAD00DFA7}
		{B4472D92-C52E-47CF-9D71-F89A7F9831D1} = {ECC40CB9-91BA-4DB1-8BE2-51DAAD00DFA7}
		{D82B9BF5-ED10-4202-AFCB-CBD2FDF04927} = {319FC503-F488-4E4D-B65E-4A8B6EA6A53E}
		{E4506E6F-75D4-4543-9360-317C74B58796} = {319FC503-F488-4E4D-B65E-4A8B6EA6A53E}
		{0619FDFE-7733-4BD5-AAEC-121EF79F7B47} = {319FC503-F488-4E4D-B65E-4A8B6EA6A53E}
		{92FBE72E-9107-4535-9B03-55C121940604} = {319FC503-F488-4E4D-B65E-4A8B6EA6A53E}
		{D1424F53-824D-468E-88B1-0BA33E17D7D8} = {C99D8D54-554A-48B1-9270-67A85D724E1C}
		{48694765-6750-4388-84DD-68028BE5EB37} = {C99D8D54-554A-48B1-9270-67A85D724E1C}
		{44C13C07-2D59-479B-860A-165DD1854229} = {C99D8D54-554A-48B1-9270-67A85D724E1C}
		{0E846BD8-D3DB-402B-80EA-65F5BAEAD32C} = {8EE45E22-E6AA-45C4-9877-3F6C12289B00}
		{4C30D9A7-7FB0-46A3-B205-72E383140493} = {784F4C61-72D1-4E5A-9DAB-EF360EA7CD00}
		{572FA15E-8389-47E3-9440-537D2DCC9833} = {DF7798AF-3620-463F-BE35-F53EA3F7F846}
	EndGlobalSection
	GlobalSection(ExtensibilityGlobals) = postSolution
		SolutionGuid = {2310F63D-7715-48B3-9235-A1C403C401EE}
	EndGlobalSection
EndGlobal
